
Microsoft Visual Studio Solution File, Format Version 12.00
# Visual Studio Version 17
VisualStudioVersion = 17.10.34928.147
MinimumVisualStudioVersion = 10.0.40219.1
Project("{FAE04EC0-301F-11D3-BF4B-00C04F79EFBC}") = "AplicacionCliente_1", "AplicacionCliente_1\AplicacionCliente_1.csproj", "{B96F0EDB-4ABC-4D8D-8C3B-EF48F9CA97DC}"
EndProject
Global
	GlobalSection(SolutionConfigurationPlatforms) = preSolution
		Debug|Any CPU = Debug|Any CPU
		Release|Any CPU = Release|Any CPU
	EndGlobalSection
	GlobalSection(ProjectConfigurationPlatforms) = postSolution
		{B96F0EDB-4ABC-4D8D-8C3B-EF48F9CA97DC}.Debug|Any CPU.ActiveCfg = Debug|Any CPU
		{B96F0EDB-4ABC-4D8D-8C3B-EF48F9CA97DC}.Debug|Any CPU.Build.0 = Debug|Any CPU
		{B96F0EDB-4ABC-4D8D-8C3B-EF48F9CA97DC}.Release|Any CPU.ActiveCfg = Release|Any CPU
		{B96F0EDB-4ABC-4D8D-8C3B-EF48F9CA97DC}.Release|Any CPU.Build.0 = Release|Any CPU
	EndGlobalSection
	GlobalSection(SolutionProperties) = preSolution
		HideSolutionNode = FALSE
	EndGlobalSection
	GlobalSection(ExtensibilityGlobals) = postSolution
		SolutionGuid = {B69BAF02-19DF-4BC0-8C34-D82A15F77109}
	EndGlobalSection
EndGlobal
